
Microsoft Visual Studio Solution File, Format Version 12.00
# Visual Studio 15
VisualStudioVersion = 15.0.27130.2027
MinimumVisualStudioVersion = 10.0.40219.1
Project("{FAE04EC0-301F-11D3-BF4B-00C04F79EFBC}") = "INDEXER", "INDEXER\INDEXER.csproj", "{9172338C-7948-4E45-B3EC-971A098C6397}"
EndProject
Global
	GlobalSection(SolutionConfigurationPlatforms) = preSolution
		Debug|Any CPU = Debug|Any CPU
		Release|Any CPU = Release|Any CPU
	EndGlobalSection
	GlobalSection(ProjectConfigurationPlatforms) = postSolution
		{9172338C-7948-4E45-B3EC-971A098C6397}.Debug|Any CPU.ActiveCfg = Debug|Any CPU
		{9172338C-7948-4E45-B3EC-971A098C6397}.Debug|Any CPU.Build.0 = Debug|Any CPU
		{9172338C-7948-4E45-B3EC-971A098C6397}.Release|Any CPU.ActiveCfg = Release|Any CPU
		{9172338C-7948-4E45-B3EC-971A098C6397}.Release|Any CPU.Build.0 = Release|Any CPU
	EndGlobalSection
	GlobalSection(SolutionProperties) = preSolution
		HideSolutionNode = FALSE
	EndGlobalSection
	GlobalSection(ExtensibilityGlobals) = postSolution
		SolutionGuid = {A345D71E-E855-4238-8E99-FA03D54A0AB5}
	EndGlobalSection
EndGlobal
